
Microsoft Visual Studio Solution File, Format Version 12.00
# Visual Studio 16
Project("{FAE04EC0-301F-11D3-BF4B-00C04F79EFBC}") = "Assembly-CSharp", "Assembly-CSharp.csproj", "{5AE0E4E9-B5CC-0B90-E566-49950E3EF1D3}"
EndProject
Project("{FAE04EC0-301F-11D3-BF4B-00C04F79EFBC}") = "Assembly-CSharp-Editor", "Assembly-CSharp-Editor.csproj", "{C6B4DE92-4151-028F-9801-CACDC5D4EEDF}"
EndProject
Global
	GlobalSection(SolutionConfigurationPlatforms) = preSolution
		Debug|Any CPU = Debug|Any CPU
		Release|Any CPU = Release|Any CPU
	EndGlobalSection
	GlobalSection(ProjectConfigurationPlatforms) = postSolution
		{5AE0E4E9-B5CC-0B90-E566-49950E3EF1D3}.Debug|Any CPU.ActiveCfg = Debug|Any CPU
		{5AE0E4E9-B5CC-0B90-E566-49950E3EF1D3}.Debug|Any CPU.Build.0 = Debug|Any CPU
		{5AE0E4E9-B5CC-0B90-E566-49950E3EF1D3}.Release|Any CPU.ActiveCfg = Release|Any CPU
		{5AE0E4E9-B5CC-0B90-E566-49950E3EF1D3}.Release|Any CPU.Build.0 = Release|Any CPU
		{C6B4DE92-4151-028F-9801-CACDC5D4EEDF}.Debug|Any CPU.ActiveCfg = Debug|Any CPU
		{C6B4DE92-4151-028F-9801-CACDC5D4EEDF}.Debug|Any CPU.Build.0 = Debug|Any CPU
		{C6B4DE92-4151-028F-9801-CACDC5D4EEDF}.Release|Any CPU.ActiveCfg = Release|Any CPU
		{C6B4DE92-4151-028F-9801-CACDC5D4EEDF}.Release|Any CPU.Build.0 = Release|Any CPU
	EndGlobalSection
	GlobalSection(SolutionProperties) = preSolution
		HideSolutionNode = FALSE
	EndGlobalSection
EndGlobal
